
Microsoft Visual Studio Solution File, Format Version 12.00
# Visual Studio 15
VisualStudioVersion = 15.0.28307.645
MinimumVisualStudioVersion = 10.0.40219.1
Project("{FAE04EC0-301F-11D3-BF4B-00C04F79EFBC}") = "ToggleClass", "ToggleClass\ToggleClass.csproj", "{7D61B522-1D0E-4EF5-8E51-C7BCF2DD6E20}"
EndProject
Global
	GlobalSection(SolutionConfigurationPlatforms) = preSolution
		Debug|Any CPU = Debug|Any CPU
		Release|Any CPU = Release|Any CPU
	EndGlobalSection
	GlobalSection(ProjectConfigurationPlatforms) = postSolution
		{7D61B522-1D0E-4EF5-8E51-C7BCF2DD6E20}.Debug|Any CPU.ActiveCfg = Debug|Any CPU
		{7D61B522-1D0E-4EF5-8E51-C7BCF2DD6E20}.Debug|Any CPU.Build.0 = Debug|Any CPU
		{7D61B522-1D0E-4EF5-8E51-C7BCF2DD6E20}.Release|Any CPU.ActiveCfg = Release|Any CPU
		{7D61B522-1D0E-4EF5-8E51-C7BCF2DD6E20}.Release|Any CPU.Build.0 = Release|Any CPU
	EndGlobalSection
	GlobalSection(SolutionProperties) = preSolution
		HideSolutionNode = FALSE
	EndGlobalSection
	GlobalSection(ExtensibilityGlobals) = postSolution
		SolutionGuid = {816842A8-5197-4166-AECE-0F291CA5DAF7}
	EndGlobalSection
EndGlobal
